
Microsoft Visual Studio Solution File, Format Version 12.00
# Visual Studio 15
VisualStudioVersion = 15.0.28010.2041
MinimumVisualStudioVersion = 10.0.40219.1
Project("{FAE04EC0-301F-11D3-BF4B-00C04F79EFBC}") = "Match3", "Match3\Match3.csproj", "{295B7ECF-2EA4-43B3-BD14-D9DE7FBCCE94}"
EndProject
Global
	GlobalSection(SolutionConfigurationPlatforms) = preSolution
		Debug|Any CPU = Debug|Any CPU
		Release|Any CPU = Release|Any CPU
	EndGlobalSection
	GlobalSection(ProjectConfigurationPlatforms) = postSolution
		{295B7ECF-2EA4-43B3-BD14-D9DE7FBCCE94}.Debug|Any CPU.ActiveCfg = Debug|Any CPU
		{295B7ECF-2EA4-43B3-BD14-D9DE7FBCCE94}.Debug|Any CPU.Build.0 = Debug|Any CPU
		{295B7ECF-2EA4-43B3-BD14-D9DE7FBCCE94}.Release|Any CPU.ActiveCfg = Release|Any CPU
		{295B7ECF-2EA4-43B3-BD14-D9DE7FBCCE94}.Release|Any CPU.Build.0 = Release|Any CPU
	EndGlobalSection
	GlobalSection(SolutionProperties) = preSolution
		HideSolutionNode = FALSE
	EndGlobalSection
	GlobalSection(ExtensibilityGlobals) = postSolution
		SolutionGuid = {844AB8E0-D5D2-49A6-AB28-C7E86328F22F}
	EndGlobalSection
EndGlobal
